
Microsoft Visual Studio Solution File, Format Version 12.00
# Visual Studio Version 17
VisualStudioVersion = 17.7.34009.444
MinimumVisualStudioVersion = 10.0.40219.1
Project("{FAE04EC0-301F-11D3-BF4B-00C04F79EFBC}") = "MyMVCApp", "MyMVCApp\MyMVCApp.csproj", "{3FEFAB88-67CD-4869-A9FD-84EE53298E5D}"
EndProject
Global
	GlobalSection(SolutionConfigurationPlatforms) = preSolution
		Debug|Any CPU = Debug|Any CPU
		Release|Any CPU = Release|Any CPU
	EndGlobalSection
	GlobalSection(ProjectConfigurationPlatforms) = postSolution
		{3FEFAB88-67CD-4869-A9FD-84EE53298E5D}.Debug|Any CPU.ActiveCfg = Debug|Any CPU
		{3FEFAB88-67CD-4869-A9FD-84EE53298E5D}.Debug|Any CPU.Build.0 = Debug|Any CPU
		{3FEFAB88-67CD-4869-A9FD-84EE53298E5D}.Release|Any CPU.ActiveCfg = Release|Any CPU
		{3FEFAB88-67CD-4869-A9FD-84EE53298E5D}.Release|Any CPU.Build.0 = Release|Any CPU
	EndGlobalSection
	GlobalSection(SolutionProperties) = preSolution
		HideSolutionNode = FALSE
	EndGlobalSection
	GlobalSection(ExtensibilityGlobals) = postSolution
		SolutionGuid = {FC68391D-0BEB-4CF5-9759-369156C924B9}
	EndGlobalSection
EndGlobal
